
Microsoft Visual Studio Solution File, Format Version 12.00
# Visual Studio Version 17
VisualStudioVersion = 17.8.34511.84
MinimumVisualStudioVersion = 10.0.40219.1
Project("{FAE04EC0-301F-11D3-BF4B-00C04F79EFBC}") = "STUDY.ConsoleProjects.ExerciseTrackerFour", "STUDY.ConsoleProjects.ExerciseTrackerFour\STUDY.ConsoleProjects.ExerciseTrackerFour.csproj", "{9451B8FD-FB8E-4655-87ED-72371F521C43}"
EndProject
Global
	GlobalSection(SolutionConfigurationPlatforms) = preSolution
		Debug|Any CPU = Debug|Any CPU
		Release|Any CPU = Release|Any CPU
	EndGlobalSection
	GlobalSection(ProjectConfigurationPlatforms) = postSolution
		{9451B8FD-FB8E-4655-87ED-72371F521C43}.Debug|Any CPU.ActiveCfg = Debug|Any CPU
		{9451B8FD-FB8E-4655-87ED-72371F521C43}.Debug|Any CPU.Build.0 = Debug|Any CPU
		{9451B8FD-FB8E-4655-87ED-72371F521C43}.Release|Any CPU.ActiveCfg = Release|Any CPU
		{9451B8FD-FB8E-4655-87ED-72371F521C43}.Release|Any CPU.Build.0 = Release|Any CPU
	EndGlobalSection
	GlobalSection(SolutionProperties) = preSolution
		HideSolutionNode = FALSE
	EndGlobalSection
	GlobalSection(ExtensibilityGlobals) = postSolution
		SolutionGuid = {733AF67A-5B55-41A9-A937-ED5EA1BD04A7}
	EndGlobalSection
EndGlobal
