
Microsoft Visual Studio Solution File, Format Version 12.00
# Visual Studio Version 17
VisualStudioVersion = 17.7.34003.232
MinimumVisualStudioVersion = 10.0.40219.1
Project("{9A19103F-16F7-4668-BE54-9A1E7A4F7556}") = "ExerciseUI", "ExerciseUI\ExerciseUI.csproj", "{082143B1-8349-490F-994A-1CB68EF54511}"
EndProject
Global
	GlobalSection(SolutionConfigurationPlatforms) = preSolution
		Debug|Any CPU = Debug|Any CPU
		Release|Any CPU = Release|Any CPU
	EndGlobalSection
	GlobalSection(ProjectConfigurationPlatforms) = postSolution
		{082143B1-8349-490F-994A-1CB68EF54511}.Debug|Any CPU.ActiveCfg = Debug|Any CPU
		{082143B1-8349-490F-994A-1CB68EF54511}.Debug|Any CPU.Build.0 = Debug|Any CPU
		{082143B1-8349-490F-994A-1CB68EF54511}.Release|Any CPU.ActiveCfg = Release|Any CPU
		{082143B1-8349-490F-994A-1CB68EF54511}.Release|Any CPU.Build.0 = Release|Any CPU
	EndGlobalSection
	GlobalSection(SolutionProperties) = preSolution
		HideSolutionNode = FALSE
	EndGlobalSection
	GlobalSection(ExtensibilityGlobals) = postSolution
		SolutionGuid = {3907A27D-2829-4804-BF8B-5047C7A3FF68}
	EndGlobalSection
EndGlobal
