
Microsoft Visual Studio Solution File, Format Version 12.00
# Visual Studio Version 17
VisualStudioVersion = 17.11.35222.181
MinimumVisualStudioVersion = 10.0.40219.1
Project("{FAE04EC0-301F-11D3-BF4B-00C04F79EFBC}") = "ExerciseTracker", "ExerciseTracker.csproj", "{502243A5-85B2-4C41-B2F5-7DC5DAFF011D}"
EndProject
Global
	GlobalSection(SolutionConfigurationPlatforms) = preSolution
		Debug|Any CPU = Debug|Any CPU
		Release|Any CPU = Release|Any CPU
	EndGlobalSection
	GlobalSection(ProjectConfigurationPlatforms) = postSolution
		{502243A5-85B2-4C41-B2F5-7DC5DAFF011D}.Debug|Any CPU.ActiveCfg = Debug|Any CPU
		{502243A5-85B2-4C41-B2F5-7DC5DAFF011D}.Debug|Any CPU.Build.0 = Debug|Any CPU
		{502243A5-85B2-4C41-B2F5-7DC5DAFF011D}.Release|Any CPU.ActiveCfg = Release|Any CPU
		{502243A5-85B2-4C41-B2F5-7DC5DAFF011D}.Release|Any CPU.Build.0 = Release|Any CPU
	EndGlobalSection
	GlobalSection(SolutionProperties) = preSolution
		HideSolutionNode = FALSE
	EndGlobalSection
	GlobalSection(ExtensibilityGlobals) = postSolution
		SolutionGuid = {302E9E02-FF31-423A-8387-E2A7C59897A5}
	EndGlobalSection
EndGlobal
