
Microsoft Visual Studio Solution File, Format Version 12.00
# Visual Studio Version 17
VisualStudioVersion = 17.0.31903.59
MinimumVisualStudioVersion = 10.0.40219.1
Project("{FAE04EC0-301F-11D3-BF4B-00C04F79EFBC}") = "ExerciseLibrary", "ExerciseLibrary\ExerciseLibrary.csproj", "{115D3221-1E04-4FFE-8625-45A0EC410953}"
EndProject
Project("{FAE04EC0-301F-11D3-BF4B-00C04F79EFBC}") = "ExerciseProgram", "ExerciseProgram\ExerciseProgram.csproj", "{B14B1B22-DF8D-4D20-B7B1-056835271F93}"
EndProject
Global
	GlobalSection(SolutionConfigurationPlatforms) = preSolution
		Debug|Any CPU = Debug|Any CPU
		Release|Any CPU = Release|Any CPU
	EndGlobalSection
	GlobalSection(SolutionProperties) = preSolution
		HideSolutionNode = FALSE
	EndGlobalSection
	GlobalSection(ProjectConfigurationPlatforms) = postSolution
		{115D3221-1E04-4FFE-8625-45A0EC410953}.Debug|Any CPU.ActiveCfg = Debug|Any CPU
		{115D3221-1E04-4FFE-8625-45A0EC410953}.Debug|Any CPU.Build.0 = Debug|Any CPU
		{115D3221-1E04-4FFE-8625-45A0EC410953}.Release|Any CPU.ActiveCfg = Release|Any CPU
		{115D3221-1E04-4FFE-8625-45A0EC410953}.Release|Any CPU.Build.0 = Release|Any CPU
		{B14B1B22-DF8D-4D20-B7B1-056835271F93}.Debug|Any CPU.ActiveCfg = Debug|Any CPU
		{B14B1B22-DF8D-4D20-B7B1-056835271F93}.Debug|Any CPU.Build.0 = Debug|Any CPU
		{B14B1B22-DF8D-4D20-B7B1-056835271F93}.Release|Any CPU.ActiveCfg = Release|Any CPU
		{B14B1B22-DF8D-4D20-B7B1-056835271F93}.Release|Any CPU.Build.0 = Release|Any CPU
	EndGlobalSection
EndGlobal
