
Microsoft Visual Studio Solution File, Format Version 12.00
# Visual Studio Version 17
VisualStudioVersion = 17.11.35303.130
MinimumVisualStudioVersion = 10.0.40219.1
Project("{FAE04EC0-301F-11D3-BF4B-00C04F79EFBC}") = "ExerciseTracker.tonyissa", "ExerciseTracker.tonyissa.csproj", "{7AFEFC9A-721E-401F-A865-93739D026D1A}"
EndProject
Global
	GlobalSection(SolutionConfigurationPlatforms) = preSolution
		Debug|Any CPU = Debug|Any CPU
		Release|Any CPU = Release|Any CPU
	EndGlobalSection
	GlobalSection(ProjectConfigurationPlatforms) = postSolution
		{7AFEFC9A-721E-401F-A865-93739D026D1A}.Debug|Any CPU.ActiveCfg = Debug|Any CPU
		{7AFEFC9A-721E-401F-A865-93739D026D1A}.Debug|Any CPU.Build.0 = Debug|Any CPU
		{7AFEFC9A-721E-401F-A865-93739D026D1A}.Release|Any CPU.ActiveCfg = Release|Any CPU
		{7AFEFC9A-721E-401F-A865-93739D026D1A}.Release|Any CPU.Build.0 = Release|Any CPU
	EndGlobalSection
	GlobalSection(SolutionProperties) = preSolution
		HideSolutionNode = FALSE
	EndGlobalSection
	GlobalSection(ExtensibilityGlobals) = postSolution
		SolutionGuid = {24746EF3-4D45-4491-B162-6D80DD269161}
	EndGlobalSection
EndGlobal
