
Microsoft Visual Studio Solution File, Format Version 12.00
# Visual Studio Version 17
VisualStudioVersion = 17.11.35312.102
MinimumVisualStudioVersion = 10.0.40219.1
Project("{FAE04EC0-301F-11D3-BF4B-00C04F79EFBC}") = "ExerciseTracker.Arashi256", "ExerciseTracker.Arashi256.csproj", "{666926DA-CB67-4589-A855-F0805B69AB2A}"
EndProject
Global
	GlobalSection(SolutionConfigurationPlatforms) = preSolution
		Debug|Any CPU = Debug|Any CPU
		Release|Any CPU = Release|Any CPU
	EndGlobalSection
	GlobalSection(ProjectConfigurationPlatforms) = postSolution
		{666926DA-CB67-4589-A855-F0805B69AB2A}.Debug|Any CPU.ActiveCfg = Debug|Any CPU
		{666926DA-CB67-4589-A855-F0805B69AB2A}.Debug|Any CPU.Build.0 = Debug|Any CPU
		{666926DA-CB67-4589-A855-F0805B69AB2A}.Release|Any CPU.ActiveCfg = Release|Any CPU
		{666926DA-CB67-4589-A855-F0805B69AB2A}.Release|Any CPU.Build.0 = Release|Any CPU
	EndGlobalSection
	GlobalSection(SolutionProperties) = preSolution
		HideSolutionNode = FALSE
	EndGlobalSection
	GlobalSection(ExtensibilityGlobals) = postSolution
		SolutionGuid = {27743D9B-9797-49CE-BF47-32DEFC2FFDA2}
	EndGlobalSection
EndGlobal
