
Microsoft Visual Studio Solution File, Format Version 12.00
# Visual Studio Version 17
VisualStudioVersion = 17.8.34322.80
MinimumVisualStudioVersion = 10.0.40219.1
Project("{FAE04EC0-301F-11D3-BF4B-00C04F79EFBC}") = "ExerciceTracker", "ExerciceTracker\ExerciceTracker.csproj", "{FDF11569-98E3-48ED-A91F-AE3CF1ED675C}"
EndProject
Global
	GlobalSection(SolutionConfigurationPlatforms) = preSolution
		Debug|Any CPU = Debug|Any CPU
		Release|Any CPU = Release|Any CPU
	EndGlobalSection
	GlobalSection(ProjectConfigurationPlatforms) = postSolution
		{FDF11569-98E3-48ED-A91F-AE3CF1ED675C}.Debug|Any CPU.ActiveCfg = Debug|Any CPU
		{FDF11569-98E3-48ED-A91F-AE3CF1ED675C}.Debug|Any CPU.Build.0 = Debug|Any CPU
		{FDF11569-98E3-48ED-A91F-AE3CF1ED675C}.Release|Any CPU.ActiveCfg = Release|Any CPU
		{FDF11569-98E3-48ED-A91F-AE3CF1ED675C}.Release|Any CPU.Build.0 = Release|Any CPU
	EndGlobalSection
	GlobalSection(SolutionProperties) = preSolution
		HideSolutionNode = FALSE
	EndGlobalSection
	GlobalSection(ExtensibilityGlobals) = postSolution
		SolutionGuid = {1369E200-C48C-4143-8EB0-86904BB9C787}
	EndGlobalSection
EndGlobal
