
Microsoft Visual Studio Solution File, Format Version 12.00
# Visual Studio Version 17
VisualStudioVersion = 17.6.33717.318
MinimumVisualStudioVersion = 10.0.40219.1
Project("{FAE04EC0-301F-11D3-BF4B-00C04F79EFBC}") = "sadklouds.ExcerciseTracker", "sadklouds.ExcerciseTracker\sadklouds.ExcerciseTracker.csproj", "{74048DA5-9BEF-4DE6-BAE5-B79902A4BB5C}"
EndProject
Global
	GlobalSection(SolutionConfigurationPlatforms) = preSolution
		Debug|Any CPU = Debug|Any CPU
		Release|Any CPU = Release|Any CPU
	EndGlobalSection
	GlobalSection(ProjectConfigurationPlatforms) = postSolution
		{74048DA5-9BEF-4DE6-BAE5-B79902A4BB5C}.Debug|Any CPU.ActiveCfg = Debug|Any CPU
		{74048DA5-9BEF-4DE6-BAE5-B79902A4BB5C}.Debug|Any CPU.Build.0 = Debug|Any CPU
		{74048DA5-9BEF-4DE6-BAE5-B79902A4BB5C}.Release|Any CPU.ActiveCfg = Release|Any CPU
		{74048DA5-9BEF-4DE6-BAE5-B79902A4BB5C}.Release|Any CPU.Build.0 = Release|Any CPU
	EndGlobalSection
	GlobalSection(SolutionProperties) = preSolution
		HideSolutionNode = FALSE
	EndGlobalSection
	GlobalSection(ExtensibilityGlobals) = postSolution
		SolutionGuid = {A9F48EAC-0152-42B7-A5E8-BF22090ABA9A}
	EndGlobalSection
EndGlobal
