
Microsoft Visual Studio Solution File, Format Version 12.00
# Visual Studio Version 17
VisualStudioVersion = 17.9.34714.143
MinimumVisualStudioVersion = 10.0.40219.1
Project("{FAE04EC0-301F-11D3-BF4B-00C04F79EFBC}") = "ExerciseTrackerAPI", "ExerciseTrackerAPI\ExerciseTrackerAPI.csproj", "{EACFC7DF-D7E3-4C19-94A1-5B778833217D}"
EndProject
Project("{FAE04EC0-301F-11D3-BF4B-00C04F79EFBC}") = "ExerciseTrackerUI", "ExerciseTrackerUI\ExerciseTrackerUI.csproj", "{A370C107-AD2D-4344-A5C1-E9BD76841FB7}"
EndProject
Global
	GlobalSection(SolutionConfigurationPlatforms) = preSolution
		Debug|Any CPU = Debug|Any CPU
		Release|Any CPU = Release|Any CPU
	EndGlobalSection
	GlobalSection(ProjectConfigurationPlatforms) = postSolution
		{EACFC7DF-D7E3-4C19-94A1-5B778833217D}.Debug|Any CPU.ActiveCfg = Debug|Any CPU
		{EACFC7DF-D7E3-4C19-94A1-5B778833217D}.Debug|Any CPU.Build.0 = Debug|Any CPU
		{EACFC7DF-D7E3-4C19-94A1-5B778833217D}.Release|Any CPU.ActiveCfg = Release|Any CPU
		{EACFC7DF-D7E3-4C19-94A1-5B778833217D}.Release|Any CPU.Build.0 = Release|Any CPU
		{A370C107-AD2D-4344-A5C1-E9BD76841FB7}.Debug|Any CPU.ActiveCfg = Debug|Any CPU
		{A370C107-AD2D-4344-A5C1-E9BD76841FB7}.Debug|Any CPU.Build.0 = Debug|Any CPU
		{A370C107-AD2D-4344-A5C1-E9BD76841FB7}.Release|Any CPU.ActiveCfg = Release|Any CPU
		{A370C107-AD2D-4344-A5C1-E9BD76841FB7}.Release|Any CPU.Build.0 = Release|Any CPU
	EndGlobalSection
	GlobalSection(SolutionProperties) = preSolution
		HideSolutionNode = FALSE
	EndGlobalSection
	GlobalSection(ExtensibilityGlobals) = postSolution
		SolutionGuid = {357C1437-54D2-4792-9D26-415B2B5216FB}
	EndGlobalSection
EndGlobal
