
Microsoft Visual Studio Solution File, Format Version 12.00
Project("{FAE04EC0-301F-11D3-BF4B-00C04F79EFBC}") = "ExerciseTracker.wkktoria", "ExerciseTracker.wkktoria\ExerciseTracker.wkktoria.csproj", "{28518C68-E779-4C2F-8E98-C55AEF70ECB1}"
EndProject
Global
	GlobalSection(SolutionConfigurationPlatforms) = preSolution
		Debug|Any CPU = Debug|Any CPU
		Release|Any CPU = Release|Any CPU
	EndGlobalSection
	GlobalSection(ProjectConfigurationPlatforms) = postSolution
		{28518C68-E779-4C2F-8E98-C55AEF70ECB1}.Debug|Any CPU.ActiveCfg = Debug|Any CPU
		{28518C68-E779-4C2F-8E98-C55AEF70ECB1}.Debug|Any CPU.Build.0 = Debug|Any CPU
		{28518C68-E779-4C2F-8E98-C55AEF70ECB1}.Release|Any CPU.ActiveCfg = Release|Any CPU
		{28518C68-E779-4C2F-8E98-C55AEF70ECB1}.Release|Any CPU.Build.0 = Release|Any CPU
	EndGlobalSection
EndGlobal
