
Microsoft Visual Studio Solution File, Format Version 12.00
Project("{FAE04EC0-301F-11D3-BF4B-00C04F79EFBC}") = "ExerciseTracker", "ExerciseTracker\ExerciseTracker.csproj", "{08B12BB9-60C1-4D03-913B-C143D8AFC360}"
EndProject
Global
	GlobalSection(SolutionConfigurationPlatforms) = preSolution
		Debug|Any CPU = Debug|Any CPU
		Release|Any CPU = Release|Any CPU
	EndGlobalSection
	GlobalSection(ProjectConfigurationPlatforms) = postSolution
		{08B12BB9-60C1-4D03-913B-C143D8AFC360}.Debug|Any CPU.ActiveCfg = Debug|Any CPU
		{08B12BB9-60C1-4D03-913B-C143D8AFC360}.Debug|Any CPU.Build.0 = Debug|Any CPU
		{08B12BB9-60C1-4D03-913B-C143D8AFC360}.Release|Any CPU.ActiveCfg = Release|Any CPU
		{08B12BB9-60C1-4D03-913B-C143D8AFC360}.Release|Any CPU.Build.0 = Release|Any CPU
	EndGlobalSection
EndGlobal
