
Microsoft Visual Studio Solution File, Format Version 12.00
Project("{FAE04EC0-301F-11D3-BF4B-00C04F79EFBC}") = "ExerciseTracker.UgniusFalze", "ExerciseTracker.UgniusFalze\ExerciseTracker.UgniusFalze.csproj", "{B8226AED-E180-479E-9B89-76C3A120D83A}"
EndProject
Global
	GlobalSection(SolutionConfigurationPlatforms) = preSolution
		Debug|Any CPU = Debug|Any CPU
		Release|Any CPU = Release|Any CPU
	EndGlobalSection
	GlobalSection(ProjectConfigurationPlatforms) = postSolution
		{B8226AED-E180-479E-9B89-76C3A120D83A}.Debug|Any CPU.ActiveCfg = Debug|Any CPU
		{B8226AED-E180-479E-9B89-76C3A120D83A}.Debug|Any CPU.Build.0 = Debug|Any CPU
		{B8226AED-E180-479E-9B89-76C3A120D83A}.Release|Any CPU.ActiveCfg = Release|Any CPU
		{B8226AED-E180-479E-9B89-76C3A120D83A}.Release|Any CPU.Build.0 = Release|Any CPU
	EndGlobalSection
EndGlobal
